
Microsoft Visual Studio Solution File, Format Version 12.00
# Visual Studio 15
VisualStudioVersion = 15.0.26430.16
MinimumVisualStudioVersion = 10.0.40219.1
Project("{FAE04EC0-301F-11D3-BF4B-00C04F79EFBC}") = "PrismCourseApp", "PrismCourseApp\PrismCourseApp\PrismCourseApp.csproj", "{2C5E7A95-A792-4B55-875C-D1DAB19716F7}"
EndProject
Project("{FAE04EC0-301F-11D3-BF4B-00C04F79EFBC}") = "PrismCourseApp.Droid", "PrismCourseApp\PrismCourseApp.Droid\PrismCourseApp.Droid.csproj", "{8C8DB00C-5BE8-4EBB-8FCD-621571DDFBBC}"
EndProject
Global
	GlobalSection(SolutionConfigurationPlatforms) = preSolution
		Debug|Any CPU = Debug|Any CPU
		Release|Any CPU = Release|Any CPU
	EndGlobalSection
	GlobalSection(ProjectConfigurationPlatforms) = postSolution
		{2C5E7A95-A792-4B55-875C-D1DAB19716F7}.Debug|Any CPU.ActiveCfg = Debug|Any CPU
		{2C5E7A95-A792-4B55-875C-D1DAB19716F7}.Debug|Any CPU.Build.0 = Debug|Any CPU
		{2C5E7A95-A792-4B55-875C-D1DAB19716F7}.Release|Any CPU.ActiveCfg = Release|Any CPU
		{2C5E7A95-A792-4B55-875C-D1DAB19716F7}.Release|Any CPU.Build.0 = Release|Any CPU
		{8C8DB00C-5BE8-4EBB-8FCD-621571DDFBBC}.Debug|Any CPU.ActiveCfg = Debug|Any CPU
		{8C8DB00C-5BE8-4EBB-8FCD-621571DDFBBC}.Debug|Any CPU.Build.0 = Debug|Any CPU
		{8C8DB00C-5BE8-4EBB-8FCD-621571DDFBBC}.Debug|Any CPU.Deploy.0 = Debug|Any CPU
		{8C8DB00C-5BE8-4EBB-8FCD-621571DDFBBC}.Release|Any CPU.ActiveCfg = Release|Any CPU
		{8C8DB00C-5BE8-4EBB-8FCD-621571DDFBBC}.Release|Any CPU.Build.0 = Release|Any CPU
		{8C8DB00C-5BE8-4EBB-8FCD-621571DDFBBC}.Release|Any CPU.Deploy.0 = Release|Any CPU
	EndGlobalSection
	GlobalSection(SolutionProperties) = preSolution
		HideSolutionNode = FALSE
	EndGlobalSection
EndGlobal
